{
  "originHash" : "ba7d931b6ff579fe1f6b4d4b3a61f8abb662847a0180e9d8e721103021eb4e37",
  "pins" : [
    {
      "identity" : "sparkle",
      "kind" : "remoteSourceControl",
      "location" : "https://github.com/sparkle-project/Sparkle",
      "state" : {
        "revision" : "9a1d2a19d3595fcf8d9c447173f9a1687b3dcadb",
        "version" : "2.8.0"
      }
    },
    {
      "identity" : "swiftllama",
      "kind" : "remoteSourceControl",
      "location" : "https://github.com/dchernopolskii/SwiftLlama/",
      "state" : {
        "revision" : "30c40b23f18a3ae3855b6fd47f9b3f13a66d07da"
      }
    }
  ],
  "version" : 3
}
